
Microsoft Visual Studio Solution File, Format Version 12.00
# Visual Studio Version 17
VisualStudioVersion = 17.0.31903.59
MinimumVisualStudioVersion = 10.0.40219.1
Project("{FAE04EC0-301F-11D3-BF4B-00C04F79EFBC}") = "TestNETCoreAPI", "TestNETCoreAPI.csproj", "{3A4EDFFA-AF0C-4F0C-8980-F29AF4B65886}"
EndProject
Global
	GlobalSection(SolutionConfigurationPlatforms) = preSolution
		Debug|Any CPU = Debug|Any CPU
		Release|Any CPU = Release|Any CPU
	EndGlobalSection
	GlobalSection(ProjectConfigurationPlatforms) = postSolution
		{3A4EDFFA-AF0C-4F0C-8980-F29AF4B65886}.Debug|Any CPU.ActiveCfg = Debug|Any CPU
		{3A4EDFFA-AF0C-4F0C-8980-F29AF4B65886}.Debug|Any CPU.Build.0 = Debug|Any CPU
		{3A4EDFFA-AF0C-4F0C-8980-F29AF4B65886}.Release|Any CPU.ActiveCfg = Release|Any CPU
		{3A4EDFFA-AF0C-4F0C-8980-F29AF4B65886}.Release|Any CPU.Build.0 = Release|Any CPU
	EndGlobalSection
	GlobalSection(SolutionProperties) = preSolution
		HideSolutionNode = FALSE
	EndGlobalSection
	GlobalSection(ExtensibilityGlobals) = postSolution
		SolutionGuid = {FF217F06-7EC2-4716-A355-7D983F0A3101}
	EndGlobalSection
EndGlobal
